// !$*UTF8*$!
{
	archiveVersion = 1;
	classes = {
	};
	objectVersion = 46;
	objects = {

/* Begin PBXBuildFile section */
		DC0873651B0A37D900A2851E /* MLCalendarBackground.m in Sources */ = {isa = PBXBuildFile; fileRef = DC08735F1B0A37D900A2851E /* MLCalendarBackground.m */; };
		DC0873661B0A37D900A2851E /* MLCalendarCell.m in Sources */ = {isa = PBXBuildFile; fileRef = DC0873611B0A37D900A2851E /* MLCalendarCell.m */; };
		DC0873671B0A37D900A2851E /* MLCalendarView.m in Sources */ = {isa = PBXBuildFile; fileRef = DC0873631B0A37D900A2851E /* MLCalendarView.m */; };
		DC0873681B0A37D900A2851E /* MLCalendarView.xib in Resources */ = {isa = PBXBuildFile; fileRef = DC0873641B0A37D900A2851E /* MLCalendarView.xib */; };
		DC86C0A51AFA630C00C1D378 /* AppDelegate.swift in Sources */ = {isa = PBXBuildFile; fileRef = DC86C0A41AFA630C00C1D378 /* AppDelegate.swift */; };
		DC86C0A71AFA630C00C1D378 /* Images.xcassets in Resources */ = {isa = PBXBuildFile; fileRef = DC86C0A61AFA630C00C1D378 /* Images.xcassets */; };
		DC86C0AA1AFA630C00C1D378 /* MainMenu.xib in Resources */ = {isa = PBXBuildFile; fileRef = DC86C0A81AFA630C00C1D378 /* MainMenu.xib */; };
		DC86C0B61AFA630D00C1D378 /* EasyCalendarTests.swift in Sources */ = {isa = PBXBuildFile; fileRef = DC86C0B51AFA630D00C1D378 /* EasyCalendarTests.swift */; };
		DC86C0C11AFA653200C1D378 /* TWCalendarViewController.swift in Sources */ = {isa = PBXBuildFile; fileRef = DC86C0BF1AFA653200C1D378 /* TWCalendarViewController.swift */; };
		DC86C0C21AFA653200C1D378 /* TWCalendarViewController.xib in Resources */ = {isa = PBXBuildFile; fileRef = DC86C0C01AFA653200C1D378 /* TWCalendarViewController.xib */; };
/* End PBXBuildFile section */

/* Begin PBXContainerItemProxy section */
		DC86C0B01AFA630D00C1D378 /* PBXContainerItemProxy */ = {
			isa = PBXContainerItemProxy;
			containerPortal = DC86C0971AFA630C00C1D378 /* Project object */;
			proxyType = 1;
			remoteGlobalIDString = DC86C09E1AFA630C00C1D378;
			remoteInfo = EasyCalendar;
		};
/* End PBXContainerItemProxy section */

/* Begin PBXFileReference section */
		DC08735D1B0A37D800A2851E /* EasyCalendar-Bridging-Header.h */ = {isa = PBXFileReference; lastKnownFileType = sourcecode.c.h; path = "EasyCalendar-Bridging-Header.h"; sourceTree = "<group>"; };
		DC08735E1B0A37D900A2851E /* MLCalendarBackground.h */ = {isa = PBXFileReference; fileEncoding = 4; lastKnownFileType = sourcecode.c.h; path = MLCalendarBackground.h; sourceTree = "<group>"; };
		DC08735F1B0A37D900A2851E /* MLCalendarBackground.m */ = {isa = PBXFileReference; fileEncoding = 4; lastKnownFileType = sourcecode.c.objc; path = MLCalendarBackground.m; sourceTree = "<group>"; };
		DC0873601B0A37D900A2851E /* MLCalendarCell.h */ = {isa = PBXFileReference; fileEncoding = 4; lastKnownFileType = sourcecode.c.h; path = MLCalendarCell.h; sourceTree = "<group>"; };
		DC0873611B0A37D900A2851E /* MLCalendarCell.m */ = {isa = PBXFileReference; fileEncoding = 4; lastKnownFileType = sourcecode.c.objc; path = MLCalendarCell.m; sourceTree = "<group>"; };
		DC0873621B0A37D900A2851E /* MLCalendarView.h */ = {isa = PBXFileReference; fileEncoding = 4; lastKnownFileType = sourcecode.c.h; path = MLCalendarView.h; sourceTree = "<group>"; };
		DC0873631B0A37D900A2851E /* MLCalendarView.m */ = {isa = PBXFileReference; fileEncoding = 4; lastKnownFileType = sourcecode.c.objc; path = MLCalendarView.m; sourceTree = "<group>"; };
		DC0873641B0A37D900A2851E /* MLCalendarView.xib */ = {isa = PBXFileReference; fileEncoding = 4; lastKnownFileType = file.xib; path = MLCalendarView.xib; sourceTree = "<group>"; };
		DC86C09F1AFA630C00C1D378 /* EasyCalendar.app */ = {isa = PBXFileReference; explicitFileType = wrapper.application; includeInIndex = 0; path = EasyCalendar.app; sourceTree = BUILT_PRODUCTS_DIR; };
		DC86C0A31AFA630C00C1D378 /* Info.plist */ = {isa = PBXFileReference; lastKnownFileType = text.plist.xml; path = Info.plist; sourceTree = "<group>"; };
		DC86C0A41AFA630C00C1D378 /* AppDelegate.swift */ = {isa = PBXFileReference; lastKnownFileType = sourcecode.swift; path = AppDelegate.swift; sourceTree = "<group>"; };
		DC86C0A61AFA630C00C1D378 /* Images.xcassets */ = {isa = PBXFileReference; lastKnownFileType = folder.assetcatalog; path = Images.xcassets; sourceTree = "<group>"; };
		DC86C0A91AFA630C00C1D378 /* Base */ = {isa = PBXFileReference; lastKnownFileType = file.xib; name = Base; path = Base.lproj/MainMenu.xib; sourceTree = "<group>"; };
		DC86C0AF1AFA630D00C1D378 /* EasyCalendarTests.xctest */ = {isa = PBXFileReference; explicitFileType = wrapper.cfbundle; includeInIndex = 0; path = EasyCalendarTests.xctest; sourceTree = BUILT_PRODUCTS_DIR; };
		DC86C0B41AFA630D00C1D378 /* Info.plist */ = {isa = PBXFileReference; lastKnownFileType = text.plist.xml; path = Info.plist; sourceTree = "<group>"; };
		DC86C0B51AFA630D00C1D378 /* EasyCalendarTests.swift */ = {isa = PBXFileReference; lastKnownFileType = sourcecode.swift; path = EasyCalendarTests.swift; sourceTree = "<group>"; };
		DC86C0BF1AFA653200C1D378 /* TWCalendarViewController.swift */ = {isa = PBXFileReference; fileEncoding = 4; lastKnownFileType = sourcecode.swift; path = TWCalendarViewController.swift; sourceTree = "<group>"; };
		DC86C0C01AFA653200C1D378 /* TWCalendarViewController.xib */ = {isa = PBXFileReference; fileEncoding = 4; lastKnownFileType = file.xib; path = TWCalendarViewController.xib; sourceTree = "<group>"; };
/* End PBXFileReference section */

/* Begin PBXFrameworksBuildPhase section */
		DC86C09C1AFA630C00C1D378 /* Frameworks */ = {
			isa = PBXFrameworksBuildPhase;
			buildActionMask = 2147483647;
			files = (
			);
			runOnlyForDeploymentPostprocessing = 0;
		};
		DC86C0AC1AFA630D00C1D378 /* Frameworks */ = {
			isa = PBXFrameworksBuildPhase;
			buildActionMask = 2147483647;
			files = (
			);
			runOnlyForDeploymentPostprocessing = 0;
		};
/* End PBXFrameworksBuildPhase section */

/* Begin PBXGroup section */
		DC86C0961AFA630C00C1D378 = {
			isa = PBXGroup;
			children = (
				DC08735E1B0A37D900A2851E /* MLCalendarBackground.h */,
				DC08735F1B0A37D900A2851E /* MLCalendarBackground.m */,
				DC0873601B0A37D900A2851E /* MLCalendarCell.h */,
				DC0873611B0A37D900A2851E /* MLCalendarCell.m */,
				DC0873621B0A37D900A2851E /* MLCalendarView.h */,
				DC0873631B0A37D900A2851E /* MLCalendarView.m */,
				DC0873641B0A37D900A2851E /* MLCalendarView.xib */,
				DC86C0A11AFA630C00C1D378 /* EasyCalendar */,
				DC86C0B21AFA630D00C1D378 /* EasyCalendarTests */,
				DC86C0A01AFA630C00C1D378 /* Products */,
				DC08735D1B0A37D800A2851E /* EasyCalendar-Bridging-Header.h */,
			);
			sourceTree = "<group>";
		};
		DC86C0A01AFA630C00C1D378 /* Products */ = {
			isa = PBXGroup;
			children = (
				DC86C09F1AFA630C00C1D378 /* EasyCalendar.app */,
				DC86C0AF1AFA630D00C1D378 /* EasyCalendarTests.xctest */,
			);
			name = Products;
			sourceTree = "<group>";
		};
		DC86C0A11AFA630C00C1D378 /* EasyCalendar */ = {
			isa = PBXGroup;
			children = (
				DC86C0A41AFA630C00C1D378 /* AppDelegate.swift */,
				DC86C0A61AFA630C00C1D378 /* Images.xcassets */,
				DC86C0A81AFA630C00C1D378 /* MainMenu.xib */,
				DC86C0A21AFA630C00C1D378 /* Supporting Files */,
				DC86C0BF1AFA653200C1D378 /* TWCalendarViewController.swift */,
				DC86C0C01AFA653200C1D378 /* TWCalendarViewController.xib */,
			);
			path = EasyCalendar;
			sourceTree = "<group>";
		};
		DC86C0A21AFA630C00C1D378 /* Supporting Files */ = {
			isa = PBXGroup;
			children = (
				DC86C0A31AFA630C00C1D378 /* Info.plist */,
			);
			name = "Supporting Files";
			sourceTree = "<group>";
		};
		DC86C0B21AFA630D00C1D378 /* EasyCalendarTests */ = {
			isa = PBXGroup;
			children = (
				DC86C0B51AFA630D00C1D378 /* EasyCalendarTests.swift */,
				DC86C0B31AFA630D00C1D378 /* Supporting Files */,
			);
			path = EasyCalendarTests;
			sourceTree = "<group>";
		};
		DC86C0B31AFA630D00C1D378 /* Supporting Files */ = {
			isa = PBXGroup;
			children = (
				DC86C0B41AFA630D00C1D378 /* Info.plist */,
			);
			name = "Supporting Files";
			sourceTree = "<group>";
		};
/* End PBXGroup section */

/* Begin PBXNativeTarget section */
		DC86C09E1AFA630C00C1D378 /* EasyCalendar */ = {
			isa = PBXNativeTarget;
			buildConfigurationList = DC86C0B91AFA630D00C1D378 /* Build configuration list for PBXNativeTarget "EasyCalendar" */;
			buildPhases = (
				DC86C09B1AFA630C00C1D378 /* Sources */,
				DC86C09C1AFA630C00C1D378 /* Frameworks */,
				DC86C09D1AFA630C00C1D378 /* Resources */,
			);
			buildRules = (
			);
			dependencies = (
			);
			name = EasyCalendar;
			productName = EasyCalendar;
			productReference = DC86C09F1AFA630C00C1D378 /* EasyCalendar.app */;
			productType = "com.apple.product-type.application";
		};
		DC86C0AE1AFA630D00C1D378 /* EasyCalendarTests */ = {
			isa = PBXNativeTarget;
			buildConfigurationList = DC86C0BC1AFA630D00C1D378 /* Build configuration list for PBXNativeTarget "EasyCalendarTests" */;
			buildPhases = (
				DC86C0AB1AFA630D00C1D378 /* Sources */,
				DC86C0AC1AFA630D00C1D378 /* Frameworks */,
				DC86C0AD1AFA630D00C1D378 /* Resources */,
			);
			buildRules = (
			);
			dependencies = (
				DC86C0B11AFA630D00C1D378 /* PBXTargetDependency */,
			);
			name = EasyCalendarTests;
			productName = EasyCalendarTests;
			productReference = DC86C0AF1AFA630D00C1D378 /* EasyCalendarTests.xctest */;
			productType = "com.apple.product-type.bundle.unit-test";
		};
/* End PBXNativeTarget section */

/* Begin PBXProject section */
		DC86C0971AFA630C00C1D378 /* Project object */ = {
			isa = PBXProject;
			attributes = {
				LastUpgradeCheck = 0630;
				ORGANIZATIONNAME = "Ted Wei";
				TargetAttributes = {
					DC86C09E1AFA630C00C1D378 = {
						CreatedOnToolsVersion = 6.3.1;
					};
					DC86C0AE1AFA630D00C1D378 = {
						CreatedOnToolsVersion = 6.3.1;
						TestTargetID = DC86C09E1AFA630C00C1D378;
					};
				};
			};
			buildConfigurationList = DC86C09A1AFA630C00C1D378 /* Build configuration list for PBXProject "EasyCalendar" */;
			compatibilityVersion = "Xcode 3.2";
			developmentRegion = English;
			hasScannedForEncodings = 0;
			knownRegions = (
				en,
				Base,
			);
			mainGroup = DC86C0961AFA630C00C1D378;
			productRefGroup = DC86C0A01AFA630C00C1D378 /* Products */;
			projectDirPath = "";
			projectRoot = "";
			targets = (
				DC86C09E1AFA630C00C1D378 /* EasyCalendar */,
				DC86C0AE1AFA630D00C1D378 /* EasyCalendarTests */,
			);
		};
/* End PBXProject section */

/* Begin PBXResourcesBuildPhase section */
		DC86C09D1AFA630C00C1D378 /* Resources */ = {
			isa = PBXResourcesBuildPhase;
			buildActionMask = 2147483647;
			files = (
				DC86C0A71AFA630C00C1D378 /* Images.xcassets in Resources */,
				DC0873681B0A37D900A2851E /* MLCalendarView.xib in Resources */,
				DC86C0C21AFA653200C1D378 /* TWCalendarViewController.xib in Resources */,
				DC86C0AA1AFA630C00C1D378 /* MainMenu.xib in Resources */,
			);
			runOnlyForDeploymentPostprocessing = 0;
		};
		DC86C0AD1AFA630D00C1D378 /* Resources */ = {
			isa = PBXResourcesBuildPhase;
			buildActionMask = 2147483647;
			files = (
			);
			runOnlyForDeploymentPostprocessing = 0;
		};
/* End PBXResourcesBuildPhase section */

/* Begin PBXSourcesBuildPhase section */
		DC86C09B1AFA630C00C1D378 /* Sources */ = {
			isa = PBXSourcesBuildPhase;
			buildActionMask = 2147483647;
			files = (
				DC0873651B0A37D900A2851E /* MLCalendarBackground.m in Sources */,
				DC0873671B0A37D900A2851E /* MLCalendarView.m in Sources */,
				DC86C0A51AFA630C00C1D378 /* AppDelegate.swift in Sources */,
				DC0873661B0A37D900A2851E /* MLCalendarCell.m in Sources */,
				DC86C0C11AFA653200C1D378 /* TWCalendarViewController.swift in Sources */,
			);
			runOnlyForDeploymentPostprocessing = 0;
		};
		DC86C0AB1AFA630D00C1D378 /* Sources */ = {
			isa = PBXSourcesBuildPhase;
			buildActionMask = 2147483647;
			files = (
				DC86C0B61AFA630D00C1D378 /* EasyCalendarTests.swift in Sources */,
			);
			runOnlyForDeploymentPostprocessing = 0;
		};
/* End PBXSourcesBuildPhase section */

/* Begin PBXTargetDependency section */
		DC86C0B11AFA630D00C1D378 /* PBXTargetDependency */ = {
			isa = PBXTargetDependency;
			target = DC86C09E1AFA630C00C1D378 /* EasyCalendar */;
			targetProxy = DC86C0B01AFA630D00C1D378 /* PBXContainerItemProxy */;
		};
/* End PBXTargetDependency section */

/* Begin PBXVariantGroup section */
		DC86C0A81AFA630C00C1D378 /* MainMenu.xib */ = {
			isa = PBXVariantGroup;
			children = (
				DC86C0A91AFA630C00C1D378 /* Base */,
			);
			name = MainMenu.xib;
			sourceTree = "<group>";
		};
/* End PBXVariantGroup section */

/* Begin XCBuildConfiguration section */
		DC86C0B71AFA630D00C1D378 /* Debug */ = {
			isa = XCBuildConfiguration;
			buildSettings = {
				ALWAYS_SEARCH_USER_PATHS = NO;
				CLANG_CXX_LANGUAGE_STANDARD = "gnu++0x";
				CLANG_CXX_LIBRARY = "libc++";
				CLANG_ENABLE_MODULES = YES;
				CLANG_ENABLE_OBJC_ARC = YES;
				CLANG_WARN_BOOL_CONVERSION = YES;
				CLANG_WARN_CONSTANT_CONVERSION = YES;
				CLANG_WARN_DIRECT_OBJC_ISA_USAGE = YES_ERROR;
				CLANG_WARN_EMPTY_BODY = YES;
				CLANG_WARN_ENUM_CONVERSION = YES;
				CLANG_WARN_INT_CONVERSION = YES;
				CLANG_WARN_OBJC_ROOT_CLASS = YES_ERROR;
				CLANG_WARN_UNREACHABLE_CODE = YES;
				CLANG_WARN__DUPLICATE_METHOD_MATCH = YES;
				CODE_SIGN_IDENTITY = "-";
				COPY_PHASE_STRIP = NO;
				DEBUG_INFORMATION_FORMAT = dwarf;
				ENABLE_STRICT_OBJC_MSGSEND = YES;
				GCC_C_LANGUAGE_STANDARD = gnu99;
				GCC_DYNAMIC_NO_PIC = NO;
				GCC_NO_COMMON_BLOCKS = YES;
				GCC_OPTIMIZATION_LEVEL = 0;
				GCC_PREPROCESSOR_DEFINITIONS = (
					"DEBUG=1",
					"$(inherited)",
				);
				GCC_SYMBOLS_PRIVATE_EXTERN = NO;
				GCC_WARN_64_TO_32_BIT_CONVERSION = YES;
				GCC_WARN_ABOUT_RETURN_TYPE = YES_ERROR;
				GCC_WARN_UNDECLARED_SELECTOR = YES;
				GCC_WARN_UNINITIALIZED_AUTOS = YES_AGGRESSIVE;
				GCC_WARN_UNUSED_FUNCTION = YES;
				GCC_WARN_UNUSED_VARIABLE = YES;
				MACOSX_DEPLOYMENT_TARGET = 10.10;
				MTL_ENABLE_DEBUG_INFO = YES;
				ONLY_ACTIVE_ARCH = YES;
				SDKROOT = macosx;
				SWIFT_OPTIMIZATION_LEVEL = "-Onone";
			};
			name = Debug;
		};
		DC86C0B81AFA630D00C1D378 /* Release */ = {
			isa = XCBuildConfiguration;
			buildSettings = {
				ALWAYS_SEARCH_USER_PATHS = NO;
				CLANG_CXX_LANGUAGE_STANDARD = "gnu++0x";
				CLANG_CXX_LIBRARY = "libc++";
				CLANG_ENABLE_MODULES = YES;
				CLANG_ENABLE_OBJC_ARC = YES;
				CLANG_WARN_BOOL_CONVERSION = YES;
				CLANG_WARN_CONSTANT_CONVERSION = YES;
				CLANG_WARN_DIRECT_OBJC_ISA_USAGE = YES_ERROR;
				CLANG_WARN_EMPTY_BODY = YES;
				CLANG_WARN_ENUM_CONVERSION = YES;
				CLANG_WARN_INT_CONVERSION = YES;
				CLANG_WARN_OBJC_ROOT_CLASS = YES_ERROR;
				CLANG_WARN_UNREACHABLE_CODE = YES;
				CLANG_WARN__DUPLICATE_METHOD_MATCH = YES;
				CODE_SIGN_IDENTITY = "-";
				COPY_PHASE_STRIP = NO;
				DEBUG_INFORMATION_FORMAT = "dwarf-with-dsym";
				ENABLE_NS_ASSERTIONS = NO;
				ENABLE_STRICT_OBJC_MSGSEND = YES;
				GCC_C_LANGUAGE_STANDARD = gnu99;
				GCC_NO_COMMON_BLOCKS = YES;
				GCC_WARN_64_TO_32_BIT_CONVERSION = YES;
				GCC_WARN_ABOUT_RETURN_TYPE = YES_ERROR;
				GCC_WARN_UNDECLARED_SELECTOR = YES;
				GCC_WARN_UNINITIALIZED_AUTOS = YES_AGGRESSIVE;
				GCC_WARN_UNUSED_FUNCTION = YES;
				GCC_WARN_UNUSED_VARIABLE = YES;
				MACOSX_DEPLOYMENT_TARGET = 10.10;
				MTL_ENABLE_DEBUG_INFO = NO;
				SDKROOT = macosx;
			};
			name = Release;
		};
		DC86C0BA1AFA630D00C1D378 /* Debug */ = {
			isa = XCBuildConfiguration;
			buildSettings = {
				ASSETCATALOG_COMPILER_APPICON_NAME = AppIcon;
				CLANG_ENABLE_MODULES = YES;
				COMBINE_HIDPI_IMAGES = YES;
				INFOPLIST_FILE = EasyCalendar/Info.plist;
				LD_RUNPATH_SEARCH_PATHS = "$(inherited) @executable_path/../Frameworks";
				PRODUCT_NAME = "$(TARGET_NAME)";
				SWIFT_OBJC_BRIDGING_HEADER = "EasyCalendar-Bridging-Header.h";
				SWIFT_OPTIMIZATION_LEVEL = "-Onone";
			};
			name = Debug;
		};
		DC86C0BB1AFA630D00C1D378 /* Release */ = {
			isa = XCBuildConfiguration;
			buildSettings = {
				ASSETCATALOG_COMPILER_APPICON_NAME = AppIcon;
				CLANG_ENABLE_MODULES = YES;
				COMBINE_HIDPI_IMAGES = YES;
				INFOPLIST_FILE = EasyCalendar/Info.plist;
				LD_RUNPATH_SEARCH_PATHS = "$(inherited) @executable_path/../Frameworks";
				PRODUCT_NAME = "$(TARGET_NAME)";
				SWIFT_OBJC_BRIDGING_HEADER = "EasyCalendar-Bridging-Header.h";
			};
			name = Release;
		};
		DC86C0BD1AFA630D00C1D378 /* Debug */ = {
			isa = XCBuildConfiguration;
			buildSettings = {
				BUNDLE_LOADER = "$(TEST_HOST)";
				COMBINE_HIDPI_IMAGES = YES;
				FRAMEWORK_SEARCH_PATHS = (
					"$(DEVELOPER_FRAMEWORKS_DIR)",
					"$(inherited)",
				);
				GCC_PREPROCESSOR_DEFINITIONS = (
					"DEBUG=1",
					"$(inherited)",
				);
				INFOPLIST_FILE = EasyCalendarTests/Info.plist;
				LD_RUNPATH_SEARCH_PATHS = "$(inherited) @executable_path/../Frameworks @loader_path/../Frameworks";
				PRODUCT_NAME = "$(TARGET_NAME)";
				TEST_HOST = "$(BUILT_PRODUCTS_DIR)/EasyCalendar.app/Contents/MacOS/EasyCalendar";
			};
			name = Debug;
		};
		DC86C0BE1AFA630D00C1D378 /* Release */ = {
			isa = XCBuildConfiguration;
			buildSettings = {
				BUNDLE_LOADER = "$(TEST_HOST)";
				COMBINE_HIDPI_IMAGES = YES;
				FRAMEWORK_SEARCH_PATHS = (
					"$(DEVELOPER_FRAMEWORKS_DIR)",
					"$(inherited)",
				);
				INFOPLIST_FILE = EasyCalendarTests/Info.plist;
				LD_RUNPATH_SEARCH_PATHS = "$(inherited) @executable_path/../Frameworks @loader_path/../Frameworks";
				PRODUCT_NAME = "$(TARGET_NAME)";
				TEST_HOST = "$(BUILT_PRODUCTS_DIR)/EasyCalendar.app/Contents/MacOS/EasyCalendar";
			};
			name = Release;
		};
/* End XCBuildConfiguration section */

/* Begin XCConfigurationList section */
		DC86C09A1AFA630C00C1D378 /* Build configuration list for PBXProject "EasyCalendar" */ = {
			isa = XCConfigurationList;
			buildConfigurations = (
				DC86C0B71AFA630D00C1D378 /* Debug */,
				DC86C0B81AFA630D00C1D378 /* Release */,
			);
			defaultConfigurationIsVisible = 0;
			defaultConfigurationName = Release;
		};
		DC86C0B91AFA630D00C1D378 /* Build configuration list for PBXNativeTarget "EasyCalendar" */ = {
			isa = XCConfigurationList;
			buildConfigurations = (
				DC86C0BA1AFA630D00C1D378 /* Debug */,
				DC86C0BB1AFA630D00C1D378 /* Release */,
			);
			defaultConfigurationIsVisible = 0;
			defaultConfigurationName = Release;
		};
		DC86C0BC1AFA630D00C1D378 /* Build configuration list for PBXNativeTarget "EasyCalendarTests" */ = {
			isa = XCConfigurationList;
			buildConfigurations = (
				DC86C0BD1AFA630D00C1D378 /* Debug */,
				DC86C0BE1AFA630D00C1D378 /* Release */,
			);
			defaultConfigurationIsVisible = 0;
			defaultConfigurationName = Release;
		};
/* End XCConfigurationList section */
	};
	rootObject = DC86C0971AFA630C00C1D378 /* Project object */;
}
